# THIS IS AN AUTOGENERATED FILE. DO NOT EDIT THIS FILE DIRECTLY.
# yarn lockfile v1


"@apollo/client@^3.3.19":
  version "3.9.9"
  resolved "https://registry.npmjs.org/@apollo/client/-/client-3.9.9.tgz"
  integrity sha512-/sMecU/M0WK9knrguts1lSLV8xFKzIgOMVb4mi6MOxgJXjliDB8PvOtmXhTqh2cVMMR4TzXgOnb+af/690zlQw==
  dependencies:
    "@graphql-typed-document-node/core" "^3.1.1"
    "@wry/caches" "^1.0.0"
    "@wry/equality" "^0.5.6"
    "@wry/trie" "^0.5.0"
    graphql-tag "^2.12.6"
    hoist-non-react-statics "^3.3.2"
    optimism "^0.18.0"
    prop-types "^15.7.2"
    rehackt "0.0.6"
    response-iterator "^0.2.6"
    symbol-observable "^4.0.0"
    ts-invariant "^0.10.3"
    tslib "^2.3.0"
    zen-observable-ts "^1.2.5"

"@graphql-typed-document-node/core@^3.1.1":
  version "3.2.0"
  resolved "https://registry.npmjs.org/@graphql-typed-document-node/core/-/core-3.2.0.tgz"
  integrity sha512-mB9oAsNCm9aM3/SOv4YtBMqZbYj10R7dkq8byBqxGY/ncFwhf2oQzMV+LCRlWoDSEBJ3COiR1yeDvMtsoOsuFQ==

"@nodelib/fs.scandir@2.1.5":
  version "2.1.5"
  resolved "https://registry.npmjs.org/@nodelib/fs.scandir/-/fs.scandir-2.1.5.tgz"
  integrity sha512-vq24Bq3ym5HEQm2NKCr3yXDwjc7vTsEThRDnkp2DK9p1uqLR+DHurm/NOTo0KG7HYHU7eppKZj3MyqYuMBf62g==
  dependencies:
    "@nodelib/fs.stat" "2.0.5"
    run-parallel "^1.1.9"

"@nodelib/fs.stat@2.0.5", "@nodelib/fs.stat@^2.0.2":
  version "2.0.5"
  resolved "https://registry.npmjs.org/@nodelib/fs.stat/-/fs.stat-2.0.5.tgz"
  integrity sha512-RkhPPp2zrqDAQA/2jNhnztcPAlv64XdhIp7a7454A5ovI7Bukxgt7MX7udwAu3zg1DcpPU0rz3VV1SeaqvY4+A==

"@nodelib/fs.walk@^1.2.3":
  version "1.2.8"
  resolved "https://registry.npmjs.org/@nodelib/fs.walk/-/fs.walk-1.2.8.tgz"
  integrity sha512-oGB+UxlgWcgQkgwo8GcEGwemoTFt3FIO9ababBmaGwXIoBKZ+GTy0pP185beGg7Llih/NSHSV2XAs1lnznocSg==
  dependencies:
    "@nodelib/fs.scandir" "2.1.5"
    fastq "^1.6.0"

"@prisma/client@^5.10.2":
  version "5.11.0"
  resolved "https://registry.npmjs.org/@prisma/client/-/client-5.11.0.tgz"
  integrity sha512-SWshvS5FDXvgJKM/a0y9nDC1rqd7KG0Q6ZVzd+U7ZXK5soe73DJxJJgbNBt2GNXOa+ysWB4suTpdK5zfFPhwiw==

"@prisma/debug@5.11.0":
  version "5.11.0"
  resolved "https://registry.npmjs.org/@prisma/debug/-/debug-5.11.0.tgz"
  integrity sha512-N6yYr3AbQqaiUg+OgjkdPp3KPW1vMTAgtKX6+BiB/qB2i1TjLYCrweKcUjzOoRM5BriA4idrkTej9A9QqTfl3A==

"@prisma/engines-version@5.11.0-15.efd2449663b3d73d637ea1fd226bafbcf45b3102":
  version "5.11.0-15.efd2449663b3d73d637ea1fd226bafbcf45b3102"
  resolved "https://registry.npmjs.org/@prisma/engines-version/-/engines-version-5.11.0-15.efd2449663b3d73d637ea1fd226bafbcf45b3102.tgz"
  integrity sha512-WXCuyoymvrS4zLz4wQagSsc3/nE6CHy8znyiMv8RKazKymOMd5o9FP5RGwGHAtgoxd+aB/BWqxuP/Ckfu7/3MA==

"@prisma/engines@5.11.0":
  version "5.11.0"
  resolved "https://registry.npmjs.org/@prisma/engines/-/engines-5.11.0.tgz"
  integrity sha512-gbrpQoBTYWXDRqD+iTYMirDlF9MMlQdxskQXbhARhG6A/uFQjB7DZMYocMQLoiZXO/IskfDOZpPoZE8TBQKtEw==
  dependencies:
    "@prisma/debug" "5.11.0"
    "@prisma/engines-version" "5.11.0-15.efd2449663b3d73d637ea1fd226bafbcf45b3102"
    "@prisma/fetch-engine" "5.11.0"
    "@prisma/get-platform" "5.11.0"

"@prisma/fetch-engine@5.11.0":
  version "5.11.0"
  resolved "https://registry.npmjs.org/@prisma/fetch-engine/-/fetch-engine-5.11.0.tgz"
  integrity sha512-994viazmHTJ1ymzvWugXod7dZ42T2ROeFuH6zHPcUfp/69+6cl5r9u3NFb6bW8lLdNjwLYEVPeu3hWzxpZeC0w==
  dependencies:
    "@prisma/debug" "5.11.0"
    "@prisma/engines-version" "5.11.0-15.efd2449663b3d73d637ea1fd226bafbcf45b3102"
    "@prisma/get-platform" "5.11.0"

"@prisma/generator-helper@5.11.0", "@prisma/generator-helper@^5.4.2":
  version "5.11.0"
  resolved "https://registry.npmjs.org/@prisma/generator-helper/-/generator-helper-5.11.0.tgz"
  integrity sha512-oK25sTb2q2TPN7OipiU5xkCpDPNvdWvmFgU9UmmPr8uEt2CdwDjxiWonULgwd6YfqnCOLNpLq0wBIONjelaVMg==
  dependencies:
    "@prisma/debug" "5.11.0"

"@prisma/get-platform@5.11.0":
  version "5.11.0"
  resolved "https://registry.npmjs.org/@prisma/get-platform/-/get-platform-5.11.0.tgz"
  integrity sha512-rxtHpMLxNTHxqWuGOLzR2QOyQi79rK1u1XYAVLZxDGTLz/A+uoDnjz9veBFlicrpWjwuieM4N6jcnjj/DDoidw==
  dependencies:
    "@prisma/debug" "5.11.0"

"@prisma/internals@^5.4.2":
  version "5.11.0"
  resolved "https://registry.npmjs.org/@prisma/internals/-/internals-5.11.0.tgz"
  integrity sha512-OmD2boZ2aakWZD4gus0aUJENxKKjBsnNEKwWeSp+whpkFnaQJysVUtEPK2G6i6UKxrfdCX9kGhE7lV8NKy94Qg==
  dependencies:
    "@prisma/debug" "5.11.0"
    "@prisma/engines" "5.11.0"
    "@prisma/fetch-engine" "5.11.0"
    "@prisma/generator-helper" "5.11.0"
    "@prisma/get-platform" "5.11.0"
    "@prisma/prisma-schema-wasm" "5.11.0-15.efd2449663b3d73d637ea1fd226bafbcf45b3102"
    arg "5.0.2"
    prompts "2.4.2"

"@prisma/prisma-schema-wasm@5.11.0-15.efd2449663b3d73d637ea1fd226bafbcf45b3102":
  version "5.11.0-15.efd2449663b3d73d637ea1fd226bafbcf45b3102"
  resolved "https://registry.npmjs.org/@prisma/prisma-schema-wasm/-/prisma-schema-wasm-5.11.0-15.efd2449663b3d73d637ea1fd226bafbcf45b3102.tgz"
  integrity sha512-1VdfJ7fIM9X0opDyuNIrHLeynRdjIqI2waepLpi42ARiztPyD3getsgOtntiqMg3jGVwvnNdshUKuwHBFbv5Fg==

"@ts-morph/common@~0.21.0":
  version "0.21.0"
  resolved "https://registry.npmjs.org/@ts-morph/common/-/common-0.21.0.tgz"
  integrity sha512-ES110Mmne5Vi4ypUKrtVQfXFDtCsDXiUiGxF6ILVlE90dDD4fdpC1LSjydl/ml7xJWKSDZwUYD2zkOePMSrPBA==
  dependencies:
    fast-glob "^3.2.12"
    minimatch "^7.4.3"
    mkdirp "^2.1.6"
    path-browserify "^1.0.1"

"@types/glob@^7.1.3":
  version "7.1.4"
  resolved "https://registry.npmjs.org/@types/glob/-/glob-7.1.4.tgz"
  integrity sha512-w+LsMxKyYQm347Otw+IfBXOv9UWVjpHpCDdbBMt8Kz/xbvCYNjP+0qPh91Km3iKfSRLBB0P7fAMf0KHrPu+MyA==
  dependencies:
    "@types/minimatch" "*"
    "@types/node" "*"

"@types/minimatch@*":
  version "3.0.5"
  resolved "https://registry.npmjs.org/@types/minimatch/-/minimatch-3.0.5.tgz"
  integrity sha512-Klz949h02Gz2uZCMGwDUSDS1YBlTdDDgbWHi+81l29tQALUtvz4rAYi5uoVhE5Lagoq6DeqAUlbrHvW/mXDgdQ==

"@types/node@*":
  version "20.12.2"
  resolved "https://registry.yarnpkg.com/@types/node/-/node-20.12.2.tgz#9facdd11102f38b21b4ebedd9d7999663343d72e"
  integrity sha512-zQ0NYO87hyN6Xrclcqp7f8ZbXNbRfoGWNcMvHTPQp9UUrwI0mI7XBz+cu7/W6/VClYo2g63B0cjull/srU7LgQ==
  dependencies:
    undici-types "~5.26.4"

"@types/pluralize@^0.0.29":
  version "0.0.29"
  resolved "https://registry.npmjs.org/@types/pluralize/-/pluralize-0.0.29.tgz"
  integrity sha512-BYOID+l2Aco2nBik+iYS4SZX0Lf20KPILP5RGmM1IgzdwNdTs0eebiFriOPcej1sX9mLnSoiNte5zcFxssgpGA==

"@types/semver@^7.3.3":
  version "7.3.8"
  resolved "https://registry.npmjs.org/@types/semver/-/semver-7.3.8.tgz"
  integrity sha512-D/2EJvAlCEtYFEYmmlGwbGXuK886HzyCc3nZX/tkFTQdEU8jZDAgiv08P162yB17y4ZXZoq7yFAnW4GDBb9Now==

"@wry/caches@^1.0.0":
  version "1.0.1"
  resolved "https://registry.npmjs.org/@wry/caches/-/caches-1.0.1.tgz"
  integrity sha512-bXuaUNLVVkD20wcGBWRyo7j9N3TxePEWFZj2Y+r9OoUzfqmavM84+mFykRicNsBqatba5JLay1t48wxaXaWnlA==
  dependencies:
    tslib "^2.3.0"

"@wry/context@^0.7.0":
  version "0.7.4"
  resolved "https://registry.npmjs.org/@wry/context/-/context-0.7.4.tgz"
  integrity sha512-jmT7Sb4ZQWI5iyu3lobQxICu2nC/vbUhP0vIdd6tHC9PTfenmRmuIFqktc6GH9cgi+ZHnsLWPvfSvc4DrYmKiQ==
  dependencies:
    tslib "^2.3.0"

"@wry/equality@^0.5.6":
  version "0.5.7"
  resolved "https://registry.npmjs.org/@wry/equality/-/equality-0.5.7.tgz"
  integrity sha512-BRFORjsTuQv5gxcXsuDXx6oGRhuVsEGwZy6LOzRRfgu+eSfxbhUQ9L9YtSEIuIjY/o7g3iWFjrc5eSY1GXP2Dw==
  dependencies:
    tslib "^2.3.0"

"@wry/trie@^0.4.3":
  version "0.4.3"
  resolved "https://registry.npmjs.org/@wry/trie/-/trie-0.4.3.tgz"
  integrity sha512-I6bHwH0fSf6RqQcnnXLJKhkSXG45MFral3GxPaY4uAl0LYDZM+YDVDAiU9bYwjTuysy1S0IeecWtmq1SZA3M1w==
  dependencies:
    tslib "^2.3.0"

"@wry/trie@^0.5.0":
  version "0.5.0"
  resolved "https://registry.npmjs.org/@wry/trie/-/trie-0.5.0.tgz"
  integrity sha512-FNoYzHawTMk/6KMQoEG5O4PuioX19UbwdQKF44yw0nLfOypfQdjtfZzo/UIJWAJ23sNIFbD1Ug9lbaDGMwbqQA==
  dependencies:
    tslib "^2.3.0"

arg@5.0.2:
  version "5.0.2"
  resolved "https://registry.npmjs.org/arg/-/arg-5.0.2.tgz"
  integrity sha512-PYjyFOLKQ9y57JvQ6QLo8dAgNqswh8M1RMJYdQduT6xbWSgK36P/Z/v+p888pM69jMMfS8Xd8F6I1kQ/I9HUGg==

arg@^4.1.0:
  version "4.1.3"
  resolved "https://registry.npmjs.org/arg/-/arg-4.1.3.tgz"
  integrity sha512-58S9QDqG0Xx27YwPSt9fJxivjYl432YCwfDMfZ+71RAqUrZef7LrKQZ3LHLOwCS4FLNBplP533Zx895SeOCHvA==

balanced-match@^1.0.0:
  version "1.0.2"
  resolved "https://registry.npmjs.org/balanced-match/-/balanced-match-1.0.2.tgz"
  integrity sha512-3oSeUO0TMV67hN1AmbXsK4yaqU7tjiHlbxRDZOpH0KW9+CeX4bRAaX0Anxt0tx2MrpRpWwQaPwIlISEJhYU5Pw==

brace-expansion@^1.1.7:
  version "1.1.11"
  resolved "https://registry.npmjs.org/brace-expansion/-/brace-expansion-1.1.11.tgz"
  integrity sha512-iCuPHDFgrHX7H2vEI/5xpz07zSHB00TpugqhmYtVmMO6518mCuRMoOYFldEBl0g187ufozdaHgWKcYFb61qGiA==
  dependencies:
    balanced-match "^1.0.0"
    concat-map "0.0.1"

brace-expansion@^2.0.1:
  version "2.0.1"
  resolved "https://registry.npmjs.org/brace-expansion/-/brace-expansion-2.0.1.tgz"
  integrity sha512-XnAIvQ8eM+kC6aULx6wuQiwVsnzsi9d3WxzV3FpWTGA19F621kwdbsAcFKXgKUHZWsy+mY6iL1sHTxWEFCytDA==
  dependencies:
    balanced-match "^1.0.0"

braces@^3.0.2:
  version "3.0.2"
  resolved "https://registry.npmjs.org/braces/-/braces-3.0.2.tgz"
  integrity sha512-b8um+L1RzM3WDSzvhm6gIz1yfTbBt6YTlcEKAvsmqCZZFw46z626lVj9j1yEPW33H5H+lBQpZMP1k8l+78Ha0A==
  dependencies:
    fill-range "^7.0.1"

buffer-from@^1.0.0:
  version "1.1.1"
  resolved "https://registry.npmjs.org/buffer-from/-/buffer-from-1.1.1.tgz"
  integrity sha512-MQcXEUbCKtEo7bhqEs6560Hyd4XaovZlO/k9V3hjVUF/zwW7KBVdSK4gIt/bzwS9MbR5qob+F5jusZsb0YQK2A==

code-block-writer@^12.0.0:
  version "12.0.0"
  resolved "https://registry.npmjs.org/code-block-writer/-/code-block-writer-12.0.0.tgz"
  integrity sha512-q4dMFMlXtKR3XNBHyMHt/3pwYNA69EDk00lloMOaaUMKPUXBw6lpXtbu3MMVG6/uOihGnRDOlkyqsONEUj60+w==

concat-map@0.0.1:
  version "0.0.1"
  resolved "https://registry.npmjs.org/concat-map/-/concat-map-0.0.1.tgz"
  integrity sha512-/Srv4dswyQNBfohGpz9o6Yb3Gz3SrUDqBH5rTuhGR7ahtlbYKnVxw2bCFMRljaA7EXHaXZ8wsHdodFvbkhKmqg==

diff@^4.0.1:
  version "4.0.2"
  resolved "https://registry.npmjs.org/diff/-/diff-4.0.2.tgz"
  integrity sha512-58lmxKSA4BNyLz+HHMUzlOEpg09FV+ev6ZMe3vJihgdxzgcwZ8VoEEPmALCZG9LmqfVoNMMKpttIYTVG6uDY7A==

fast-glob@^3.2.12:
  version "3.2.12"
  resolved "https://registry.npmjs.org/fast-glob/-/fast-glob-3.2.12.tgz"
  integrity sha512-DVj4CQIYYow0BlaelwK1pHl5n5cRSJfM60UA0zK891sVInoPri2Ekj7+e1CT3/3qxXenpI+nBBmQAcJPJgaj4w==
  dependencies:
    "@nodelib/fs.stat" "^2.0.2"
    "@nodelib/fs.walk" "^1.2.3"
    glob-parent "^5.1.2"
    merge2 "^1.3.0"
    micromatch "^4.0.4"

fastq@^1.6.0:
  version "1.15.0"
  resolved "https://registry.npmjs.org/fastq/-/fastq-1.15.0.tgz"
  integrity sha512-wBrocU2LCXXa+lWBt8RoIRD89Fi8OdABODa/kEnyeyjS5aZO5/GNvI5sEINADqP/h8M29UHTHUb53sUu5Ihqdw==
  dependencies:
    reusify "^1.0.4"

fill-range@^7.0.1:
  version "7.0.1"
  resolved "https://registry.npmjs.org/fill-range/-/fill-range-7.0.1.tgz"
  integrity sha512-qOo9F+dMUmC2Lcb4BbVvnKJxTPjCm+RRpe4gDuGrzkL7mEVl/djYSu2OdQ2Pa302N4oqkSg9ir6jaLWJ2USVpQ==
  dependencies:
    to-regex-range "^5.0.1"

fs.realpath@^1.0.0:
  version "1.0.0"
  resolved "https://registry.npmjs.org/fs.realpath/-/fs.realpath-1.0.0.tgz"
  integrity sha512-OO0pH2lK6a0hZnAdau5ItzHPI6pUlvI7jMVnxUQRtw4owF2wk8lOSabtGDCTP4Ggrg2MbGnWO9X8K1t4+fGMDw==

glob-parent@^5.1.2:
  version "5.1.2"
  resolved "https://registry.npmjs.org/glob-parent/-/glob-parent-5.1.2.tgz"
  integrity sha512-AOIgSQCepiJYwP3ARnGx+5VnTu2HBYdzbGP45eLw1vr3zB3vZLeyed1sC9hnbcOc9/SrMyM5RPQrkGz4aS9Zow==
  dependencies:
    is-glob "^4.0.1"

glob@^7.1.3, glob@^7.1.6:
  version "7.2.0"
  resolved "https://registry.npmjs.org/glob/-/glob-7.2.0.tgz"
  integrity sha512-lmLf6gtyrPq8tTjSmrO94wBeQbFR3HbLHbuyD69wuyQkImp2hWqMGB47OX65FBkPffO641IP9jWa1z4ivqG26Q==
  dependencies:
    fs.realpath "^1.0.0"
    inflight "^1.0.4"
    inherits "2"
    minimatch "^3.0.4"
    once "^1.3.0"
    path-is-absolute "^1.0.0"

graphql-query-complexity@^0.7.0:
  version "0.7.2"
  resolved "https://registry.npmjs.org/graphql-query-complexity/-/graphql-query-complexity-0.7.2.tgz"
  integrity sha512-+VgmrfxGEjHI3zuojWOR8bsz7Ycz/BZjNjxnlUieTz5DsB92WoIrYCSZdWG7UWZ3rfcA1Gb2Nf+wB80GsaZWuQ==
  dependencies:
    lodash.get "^4.4.2"

graphql-subscriptions@^1.1.0:
  version "1.2.1"
  resolved "https://registry.npmjs.org/graphql-subscriptions/-/graphql-subscriptions-1.2.1.tgz"
  integrity sha512-95yD/tKi24q8xYa7Q9rhQN16AYj5wPbrb8tmHGM3WRc9EBmWrG/0kkMl+tQG8wcEuE9ibR4zyOM31p5Sdr2v4g==
  dependencies:
    iterall "^1.3.0"

graphql-tag@^2.12.6:
  version "2.12.6"
  resolved "https://registry.npmjs.org/graphql-tag/-/graphql-tag-2.12.6.tgz"
  integrity sha512-FdSNcu2QQcWnM2VNvSCCDCVS5PpPqpzgFT8+GXzqJuoDd0CBncxCY278u4mhRO7tMgo2JjgJA5aZ+nWSQ/Z+xg==
  dependencies:
    tslib "^2.1.0"

hoist-non-react-statics@^3.3.2:
  version "3.3.2"
  resolved "https://registry.npmjs.org/hoist-non-react-statics/-/hoist-non-react-statics-3.3.2.tgz"
  integrity sha512-/gGivxi8JPKWNm/W0jSmzcMPpfpPLc3dY/6GxhX2hQ9iGj3aDfklV4ET7NjKpSinLpJ5vafa9iiGIEZg10SfBw==
  dependencies:
    react-is "^16.7.0"

inflight@^1.0.4:
  version "1.0.6"
  resolved "https://registry.npmjs.org/inflight/-/inflight-1.0.6.tgz"
  integrity sha512-k92I/b08q4wvFscXCLvqfsHCrjrF7yiXsQuIVvVE7N82W3+aqpzuUdBbfhWcy/FZR3/4IgflMgKLOsvPDrGCJA==
  dependencies:
    once "^1.3.0"
    wrappy "1"

inherits@2:
  version "2.0.4"
  resolved "https://registry.npmjs.org/inherits/-/inherits-2.0.4.tgz"
  integrity sha512-k/vGaX4/Yla3WzyMCvTQOXYeIHvqOKtnqBduzTHpzpQZzAskKMhZ2K+EnBiSM9zGSoIFeMpXKxa4dYeZIQqewQ==

is-extglob@^2.1.1:
  version "2.1.1"
  resolved "https://registry.npmjs.org/is-extglob/-/is-extglob-2.1.1.tgz"
  integrity sha512-SbKbANkN603Vi4jEZv49LeVJMn4yGwsbzZworEoyEiutsN3nJYdbO36zfhGJ6QEDpOZIFkDtnq5JRxmvl3jsoQ==

is-glob@^4.0.1:
  version "4.0.3"
  resolved "https://registry.npmjs.org/is-glob/-/is-glob-4.0.3.tgz"
  integrity sha512-xelSayHH36ZgE7ZWhli7pW34hNbNl8Ojv5KVmkJD4hBdD3th8Tfk9vYasLM+mXWOZhFkgZfxhLSnrwRr4elSSg==
  dependencies:
    is-extglob "^2.1.1"

is-number@^7.0.0:
  version "7.0.0"
  resolved "https://registry.npmjs.org/is-number/-/is-number-7.0.0.tgz"
  integrity sha512-41Cifkg6e8TylSpdtTpeLVMqvSBEVzTttHvERD741+pnZ8ANv0004MRL43QKPDlK9cGvNp6NZWZUBlbGXYxxng==

iterall@^1.3.0:
  version "1.3.0"
  resolved "https://registry.npmjs.org/iterall/-/iterall-1.3.0.tgz"
  integrity sha512-QZ9qOMdF+QLHxy1QIpUHUU1D5pS2CG2P69LF6L6CPjPYA/XMOmKV3PZpawHoAjHNyB0swdVTRxdYT4tbBbxqwg==

"js-tokens@^3.0.0 || ^4.0.0":
  version "4.0.0"
  resolved "https://registry.npmjs.org/js-tokens/-/js-tokens-4.0.0.tgz"
  integrity sha512-RdJUflcE3cUzKiMqQgsCu06FPu9UdIJO0beYbPhHN4k6apgJtifcoCtT9bcxOpYBtpD2kCM6Sbzg4CausW/PKQ==

kleur@^3.0.3:
  version "3.0.3"
  resolved "https://registry.npmjs.org/kleur/-/kleur-3.0.3.tgz"
  integrity sha512-eTIzlVOSUR+JxdDFepEYcBMtZ9Qqdef+rnzWdRZuMbOywu5tO2w2N7rqjoANZ5k9vywhL6Br1VRjUIgTQx4E8w==

lodash.get@^4.4.2:
  version "4.4.2"
  resolved "https://registry.npmjs.org/lodash.get/-/lodash.get-4.4.2.tgz"
  integrity sha1-LRd/ZS+jHpObRDjVNBSZ36OCXpk=

lodash@^4.17.15, lodash@~4.17.5:
  version "4.17.21"
  resolved "https://registry.npmjs.org/lodash/-/lodash-4.17.21.tgz"
  integrity sha512-v2kDEe57lecTulaDIuNTPy3Ry4gLGJ6Z1O3vE1krgXZNrsQ+LFTGHVxVjcXPs17LhbZVGedAJv8XZ1tvj5FvSg==

loose-envify@^1.4.0:
  version "1.4.0"
  resolved "https://registry.npmjs.org/loose-envify/-/loose-envify-1.4.0.tgz"
  integrity sha512-lyuxPGr/Wfhrlem2CL/UcnUc1zcqKAImBDzukY7Y5F/yQiNdko6+fRLevlw1HgMySw7f611UIY408EtxRSoK3Q==
  dependencies:
    js-tokens "^3.0.0 || ^4.0.0"

lru-cache@^6.0.0:
  version "6.0.0"
  resolved "https://registry.npmjs.org/lru-cache/-/lru-cache-6.0.0.tgz"
  integrity sha512-Jo6dJ04CmSjuznwJSS3pUeWmd/H0ffTlkXXgwZi+eq1UCmqQwCh+eLsYOYCwY991i2Fah4h1BEMCx4qThGbsiA==
  dependencies:
    yallist "^4.0.0"

make-error@^1.1.1:
  version "1.3.6"
  resolved "https://registry.npmjs.org/make-error/-/make-error-1.3.6.tgz"
  integrity sha512-s8UhlNe7vPKomQhC1qFelMokr/Sc3AgNbso3n74mVPA5LTZwkB9NlXf4XPamLxJE8h0gh73rM94xvwRT2CVInw==

merge2@^1.3.0:
  version "1.4.1"
  resolved "https://registry.npmjs.org/merge2/-/merge2-1.4.1.tgz"
  integrity sha512-8q7VEgMJW4J8tcfVPy8g09NcQwZdbwFEqhe/WZkoIzjn/3TGDwtOCYtXGxA3O8tPzpczCCDgv+P2P5y00ZJOOg==

micromatch@^4.0.4:
  version "4.0.5"
  resolved "https://registry.npmjs.org/micromatch/-/micromatch-4.0.5.tgz"
  integrity sha512-DMy+ERcEW2q8Z2Po+WNXuw3c5YaUSFjAO5GsJqfEl7UjvtIuFKO6ZrKvcItdy98dwFI2N1tg3zNIdKaQT+aNdA==
  dependencies:
    braces "^3.0.2"
    picomatch "^2.3.1"

minimatch@^3.0.4:
  version "3.1.2"
  resolved "https://registry.npmjs.org/minimatch/-/minimatch-3.1.2.tgz"
  integrity sha512-J7p63hRiAjw1NDEww1W7i37+ByIrOWO5XQQAzZ3VOcL0PNybwpfmV/N05zFAzwQ9USyEcX6t3UO+K5aqBQOIHw==
  dependencies:
    brace-expansion "^1.1.7"

minimatch@^7.4.3:
  version "7.4.6"
  resolved "https://registry.npmjs.org/minimatch/-/minimatch-7.4.6.tgz"
  integrity sha512-sBz8G/YjVniEz6lKPNpKxXwazJe4c19fEfV2GDMX6AjFz+MX9uDWIZW8XreVhkFW3fkIdTv/gxWr/Kks5FFAVw==
  dependencies:
    brace-expansion "^2.0.1"

mkdirp@^2.1.6:
  version "2.1.6"
  resolved "https://registry.npmjs.org/mkdirp/-/mkdirp-2.1.6.tgz"
  integrity sha512-+hEnITedc8LAtIP9u3HJDFIdcLV2vXP33sqLLIzkv1Db1zO/1OxbvYf0Y1OC/S/Qo5dxHXepofhmxL02PsKe+A==

object-assign@^4.1.1:
  version "4.1.1"
  resolved "https://registry.npmjs.org/object-assign/-/object-assign-4.1.1.tgz"
  integrity sha512-rJgTQnkUnH1sFw8yT6VSU3zD3sWmu6sZhIseY8VX+GRu3P6F7Fu+JNDoXfklElbLJSnc3FUQHVe4cU5hj+BcUg==

once@^1.3.0:
  version "1.4.0"
  resolved "https://registry.npmjs.org/once/-/once-1.4.0.tgz"
  integrity sha512-lNaJgI+2Q5URQBkccEKHTQOPaXdUxnZZElQTZY0MFUAuaEqe1E+Nyvgdz/aIyNi6Z9MzO5dv1H8n58/GELp3+w==
  dependencies:
    wrappy "1"

optimism@^0.18.0:
  version "0.18.0"
  resolved "https://registry.npmjs.org/optimism/-/optimism-0.18.0.tgz"
  integrity sha512-tGn8+REwLRNFnb9WmcY5IfpOqeX2kpaYJ1s6Ae3mn12AeydLkR3j+jSCmVQFoXqU8D41PAJ1RG1rCRNWmNZVmQ==
  dependencies:
    "@wry/caches" "^1.0.0"
    "@wry/context" "^0.7.0"
    "@wry/trie" "^0.4.3"
    tslib "^2.3.0"

path-browserify@^1.0.1:
  version "1.0.1"
  resolved "https://registry.npmjs.org/path-browserify/-/path-browserify-1.0.1.tgz"
  integrity sha512-b7uo2UCUOYZcnF/3ID0lulOJi/bafxa1xPe7ZPsammBSpjSWQkjNxlt635YGS2MiR9GjvuXCtz2emr3jbsz98g==

path-is-absolute@^1.0.0:
  version "1.0.1"
  resolved "https://registry.npmjs.org/path-is-absolute/-/path-is-absolute-1.0.1.tgz"
  integrity sha512-AVbw3UJ2e9bq64vSaS9Am0fje1Pa8pbGqTTsmXfaIiMpnr5DlDhfJOuLj9Sf95ZPVDAUerDfEk88MPmPe7UCQg==

picomatch@^2.3.1:
  version "2.3.1"
  resolved "https://registry.npmjs.org/picomatch/-/picomatch-2.3.1.tgz"
  integrity sha512-JU3teHTNjmE2VCGFzuY8EXzCDVwEqB2a8fsIvwaStHhAWJEeVd1o1QD80CU6+ZdEXXSLbSsuLwJjkCBWqRQUVA==

pluralize@^8.0.0:
  version "8.0.0"
  resolved "https://registry.npmjs.org/pluralize/-/pluralize-8.0.0.tgz"
  integrity sha512-Nc3IT5yHzflTfbjgqWcCPpo7DaKy4FnpB0l/zCAW0Tc7jxAiuqSxHasntB3D7887LSrA93kDJ9IXovxJYxyLCA==

pluralize@~7.0.0:
  version "7.0.0"
  resolved "https://registry.npmjs.org/pluralize/-/pluralize-7.0.0.tgz"
  integrity sha512-ARhBOdzS3e41FbkW/XWrTEtukqqLoK5+Z/4UeDaLuSW+39JPeFgs4gCGqsrJHVZX0fUrx//4OF0K1CUGwlIFow==

prisma@^5.10.2:
  version "5.11.0"
  resolved "https://registry.npmjs.org/prisma/-/prisma-5.11.0.tgz"
  integrity sha512-KCLiug2cs0Je7kGkQBN9jDWoZ90ogE/kvZTUTgz2h94FEo8pczCkPH7fPNXkD1sGU7Yh65risGGD1HQ5DF3r3g==
  dependencies:
    "@prisma/engines" "5.11.0"

prompts@2.4.2:
  version "2.4.2"
  resolved "https://registry.npmjs.org/prompts/-/prompts-2.4.2.tgz"
  integrity sha512-NxNv/kLguCA7p3jE8oL2aEBsrJWgAakBpgmgK6lpPWV+WuOmY6r2/zbAVnP+T8bQlA0nzHXSJSJW0Hq7ylaD2Q==
  dependencies:
    kleur "^3.0.3"
    sisteransi "^1.0.5"

prop-types@^15.7.2:
  version "15.8.1"
  resolved "https://registry.npmjs.org/prop-types/-/prop-types-15.8.1.tgz"
  integrity sha512-oj87CgZICdulUohogVAR7AjlC0327U4el4L6eAvOqCeudMDVU0NThNaV+b9Df4dXgSP1gXMTnPdhfe/2qDH5cg==
  dependencies:
    loose-envify "^1.4.0"
    object-assign "^4.1.1"
    react-is "^16.13.1"

queue-microtask@^1.2.2:
  version "1.2.3"
  resolved "https://registry.npmjs.org/queue-microtask/-/queue-microtask-1.2.3.tgz"
  integrity sha512-NuaNSa6flKT5JaSYQzJok04JzTL1CA6aGhv5rfLW3PgqA+M2ChpZQnAC8h8i4ZFkBS8X5RqkDBHA7r4hej3K9A==

ra-data-graphql@4.16.11:
  version "4.16.11"
  resolved "https://registry.npmjs.org/ra-data-graphql/-/ra-data-graphql-4.16.11.tgz"
  integrity sha512-mJ1xWYjdgJu8mKwMRZfU/0+ZdLC3y6QES0hpc2kLuVvB2t3OtecYMB0WwfQnyekt+qZ1Chj6sMLtEvUCAZcpkA==
  dependencies:
    "@apollo/client" "^3.3.19"
    lodash "~4.17.5"
    pluralize "~7.0.0"

react-is@^16.13.1, react-is@^16.7.0:
  version "16.13.1"
  resolved "https://registry.npmjs.org/react-is/-/react-is-16.13.1.tgz"
  integrity sha512-24e6ynE2H+OKt4kqsOvNd8kBpV65zoxbA4BVsEOB3ARVWQki/DHzaUoC5KuON/BiccDaCCTZBuOcfZs70kR8bQ==

rehackt@0.0.6:
  version "0.0.6"
  resolved "https://registry.npmjs.org/rehackt/-/rehackt-0.0.6.tgz"
  integrity sha512-l3WEzkt4ntlEc/IB3/mF6SRgNHA6zfQR7BlGOgBTOmx7IJJXojDASav+NsgXHFjHn+6RmwqsGPFgZpabWpeOdw==

response-iterator@^0.2.6:
  version "0.2.6"
  resolved "https://registry.npmjs.org/response-iterator/-/response-iterator-0.2.6.tgz"
  integrity sha512-pVzEEzrsg23Sh053rmDUvLSkGXluZio0qu8VT6ukrYuvtjVfCbDZH9d6PGXb8HZfzdNZt8feXv/jvUzlhRgLnw==

reusify@^1.0.4:
  version "1.0.4"
  resolved "https://registry.npmjs.org/reusify/-/reusify-1.0.4.tgz"
  integrity sha512-U9nH88a3fc/ekCF1l0/UP1IosiuIjyTh7hBvXVMHYgVcfGvt897Xguj2UOLDeI5BG2m7/uwyaLVT6fbtCwTyzw==

rimraf@^3.0.2:
  version "3.0.2"
  resolved "https://registry.npmjs.org/rimraf/-/rimraf-3.0.2.tgz"
  integrity sha512-JZkJMZkAGFFPP2YqXZXPbMlMBgsxzE8ILs4lMIX/2o0L9UBw9O/Y3o6wFw/i9YLapcUJWwqbi3kdxIPdC62TIA==
  dependencies:
    glob "^7.1.3"

run-parallel@^1.1.9:
  version "1.2.0"
  resolved "https://registry.npmjs.org/run-parallel/-/run-parallel-1.2.0.tgz"
  integrity sha512-5l4VyZR86LZ/lDxZTR6jqL8AFE2S0IFLMP26AbjsLVADxHdhB/c0GUsH+y39UfCi3dzz8OlQuPmnaJOMoDHQBA==
  dependencies:
    queue-microtask "^1.2.2"

semver@^7.3.2:
  version "7.3.5"
  resolved "https://registry.npmjs.org/semver/-/semver-7.3.5.tgz"
  integrity sha512-PoeGJYh8HK4BTO/a9Tf6ZG3veo/A7ZVsYrSA6J8ny9nb3B1VrpkuN+z9OE5wfE5p6H4LchYZsegiQgbJD94ZFQ==
  dependencies:
    lru-cache "^6.0.0"

semver@^7.5.4:
  version "7.6.0"
  resolved "https://registry.npmjs.org/semver/-/semver-7.6.0.tgz"
  integrity sha512-EnwXhrlwXMk9gKu5/flx5sv/an57AkRplG3hTK68W7FRDN+k+OWBj65M7719OkA82XLBxrcX0KSHj+X5COhOVg==
  dependencies:
    lru-cache "^6.0.0"

sisteransi@^1.0.5:
  version "1.0.5"
  resolved "https://registry.npmjs.org/sisteransi/-/sisteransi-1.0.5.tgz"
  integrity sha512-bLGGlR1QxBcynn2d5YmDX4MGjlZvy2MRBDRNHLJ8VI6l6+9FUiyTFNJ0IveOSP0bcXgVDPRcfGqA0pjaqUpfVg==

source-map-support@^0.5.17:
  version "0.5.19"
  resolved "https://registry.npmjs.org/source-map-support/-/source-map-support-0.5.19.tgz"
  integrity sha512-Wonm7zOCIJzBGQdB+thsPar0kYuCIzYvxZwlBa87yi/Mdjv7Tip2cyVbLj5o0cFPN4EVkuTwb3GDDyUx2DGnGw==
  dependencies:
    buffer-from "^1.0.0"
    source-map "^0.6.0"

source-map@^0.6.0:
  version "0.6.1"
  resolved "https://registry.npmjs.org/source-map/-/source-map-0.6.1.tgz"
  integrity sha512-UjgapumWlbMhkBgzT7Ykc5YXUT46F0iKu8SGXq0bcwP5dz/h0Plj6enJqjz1Zbq2l5WaqYnrVbwWOWMyF3F47g==

symbol-observable@^4.0.0:
  version "4.0.0"
  resolved "https://registry.npmjs.org/symbol-observable/-/symbol-observable-4.0.0.tgz"
  integrity sha512-b19dMThMV4HVFynSAM1++gBHAbk2Tc/osgLIBZMKsyqh34jb2e8Os7T6ZW/Bt3pJFdBTd2JwAnAAEQV7rSNvcQ==

to-regex-range@^5.0.1:
  version "5.0.1"
  resolved "https://registry.npmjs.org/to-regex-range/-/to-regex-range-5.0.1.tgz"
  integrity sha512-65P7iz6X5yEr1cwcgvQxbbIw7Uk3gOy5dIdtZ4rDveLqhrdJP+Li/Hx6tyK0NEb+2GCyneCMJiGqrADCSNk8sQ==
  dependencies:
    is-number "^7.0.0"

ts-invariant@^0.10.3:
  version "0.10.3"
  resolved "https://registry.npmjs.org/ts-invariant/-/ts-invariant-0.10.3.tgz"
  integrity sha512-uivwYcQaxAucv1CzRp2n/QdYPo4ILf9VXgH19zEIjFx2EJufV16P0JtJVpYHy89DItG6Kwj2oIUjrcK5au+4tQ==
  dependencies:
    tslib "^2.1.0"

ts-morph@^20.0.0:
  version "20.0.0"
  resolved "https://registry.npmjs.org/ts-morph/-/ts-morph-20.0.0.tgz"
  integrity sha512-JVmEJy2Wow5n/84I3igthL9sudQ8qzjh/6i4tmYCm6IqYyKFlNbJZi7oBdjyqcWSWYRu3CtL0xbT6fS03ESZIg==
  dependencies:
    "@ts-morph/common" "~0.21.0"
    code-block-writer "^12.0.0"

ts-node@~8.9.1:
  version "8.9.1"
  resolved "https://registry.npmjs.org/ts-node/-/ts-node-8.9.1.tgz"
  integrity sha512-yrq6ODsxEFTLz0R3BX2myf0WBCSQh9A+py8PBo1dCzWIOcvisbyH6akNKqDHMgXePF2kir5mm5JXJTH3OUJYOQ==
  dependencies:
    arg "^4.1.0"
    diff "^4.0.1"
    make-error "^1.1.1"
    source-map-support "^0.5.17"
    yn "3.1.1"

tslib@^2.0.1:
  version "2.3.1"
  resolved "https://registry.npmjs.org/tslib/-/tslib-2.3.1.tgz"
  integrity sha512-77EbyPPpMz+FRFRuAFlWMtmgUWGe9UOG2Z25NqCwiIjRhOf5iKGuzSe5P2w1laq+FkRy4p+PCuVkJSGkzTEKVw==

tslib@^2.1.0, tslib@^2.3.0, tslib@^2.6.2:
  version "2.6.2"
  resolved "https://registry.npmjs.org/tslib/-/tslib-2.6.2.tgz"
  integrity sha512-AEYxH93jGFPn/a2iVAwW87VuUIkR1FVUKB77NwMF7nBTDkDrrT/Hpt/IrCJ0QXhW27jTBDcf5ZY7w6RiqTMw2Q==

type-graphql@^1.1.1:
  version "1.1.1"
  resolved "https://registry.npmjs.org/type-graphql/-/type-graphql-1.1.1.tgz"
  integrity sha512-iOOWVn0ehCYMukmnXStbkRwFE9dcjt7/oDcBS1JyQZo9CbhlIll4lHHps54HMEk4A4c8bUPd+DjK8w1/ZrxB4A==
  dependencies:
    "@types/glob" "^7.1.3"
    "@types/node" "^14.11.2"
    "@types/semver" "^7.3.3"
    glob "^7.1.6"
    graphql-query-complexity "^0.7.0"
    graphql-subscriptions "^1.1.0"
    semver "^7.3.2"
    tslib "^2.0.1"

typegraphql-prisma@^0.27.1:
  version "0.27.2"
  resolved "https://registry.npmjs.org/typegraphql-prisma/-/typegraphql-prisma-0.27.2.tgz"
  integrity sha512-BHJMzR9PGZVOxBRix03AJvLvd/7xnATDsy4+gAbjuW7YdwfrtFdVmpS1xUjCBFbo1Gj4u1SFlhGrffFK6GypxA==
  dependencies:
    "@prisma/generator-helper" "^5.4.2"
    "@prisma/internals" "^5.4.2"
    pluralize "^8.0.0"
    semver "^7.5.4"
    ts-morph "^20.0.0"
    tslib "^2.6.2"

typescript@^4.4.3:
  version "4.4.3"
  resolved "https://registry.npmjs.org/typescript/-/typescript-4.4.3.tgz"
  integrity sha512-4xfscpisVgqqDfPaJo5vkd+Qd/ItkoagnHpufr+i2QCHBsNYp+G7UAoyFl8aPtx879u38wPV65rZ8qbGZijalA==

undici-types@~5.26.4:
  version "5.26.5"
  resolved "https://registry.yarnpkg.com/undici-types/-/undici-types-5.26.5.tgz#bcd539893d00b56e964fd2657a4866b221a65617"
  integrity sha512-JlCMO+ehdEIKqlFxk6IfVoAUVmgz7cU7zD/h9XZ0qzeosSHmUJVOzSQvvYSYWXkFXC+IfLKSIffhv0sVZup6pA==

wrappy@1:
  version "1.0.2"
  resolved "https://registry.npmjs.org/wrappy/-/wrappy-1.0.2.tgz"
  integrity sha512-l4Sp/DRseor9wL6EvV2+TuQn63dMkPjZ/sp9XkghTEbV9KlPS1xUsZ3u7/IQO4wxtcFB4bgpQPRcR3QCvezPcQ==

yallist@^4.0.0:
  version "4.0.0"
  resolved "https://registry.npmjs.org/yallist/-/yallist-4.0.0.tgz"
  integrity sha512-3wdGidZyq5PB084XLES5TpOSRA3wjXAlIWMhum2kRcv/41Sn2emQ0dycQW4uZXLejwKvg6EsvbdlVL+FYEct7A==

yn@3.1.1:
  version "3.1.1"
  resolved "https://registry.npmjs.org/yn/-/yn-3.1.1.tgz"
  integrity sha512-Ux4ygGWsu2c7isFWe8Yu1YluJmqVhxqK2cLXNQA5AcC3QfbGNpM7fu0Y8b/z16pXLnFxZYvWhd3fhBY9DLmC6Q==

zen-observable-ts@^1.2.5:
  version "1.2.5"
  resolved "https://registry.npmjs.org/zen-observable-ts/-/zen-observable-ts-1.2.5.tgz"
  integrity sha512-QZWQekv6iB72Naeake9hS1KxHlotfRpe+WGNbNx5/ta+R3DNjVO2bswf63gXlWDcs+EMd7XY8HfVQyP1X6T4Zg==
  dependencies:
    zen-observable "0.8.15"

zen-observable@0.8.15:
  version "0.8.15"
  resolved "https://registry.npmjs.org/zen-observable/-/zen-observable-0.8.15.tgz"
  integrity sha512-PQ2PC7R9rslx84ndNBZB/Dkv8V8fZEpk83RLgXtYd0fwUgEjseMn1Dgajh2x6S8QbZAFa9p2qVCEuYZNgve0dQ==
